
Microsoft Visual Studio Solution File, Format Version 12.00
# Visual Studio Version 17
VisualStudioVersion = 17.3.32811.315
MinimumVisualStudioVersion = 10.0.40219.1
Project("{FAE04EC0-301F-11D3-BF4B-00C04F79EFBC}") = "SignalRTest", "SignalRTest\SignalRTest.csproj", "{3380FE15-1CD1-45B5-87B4-0AF3E5A52DB3}"
EndProject
Global
	GlobalSection(SolutionConfigurationPlatforms) = preSolution
		Debug|Any CPU = Debug|Any CPU
		Release|Any CPU = Release|Any CPU
	EndGlobalSection
	GlobalSection(ProjectConfigurationPlatforms) = postSolution
		{3380FE15-1CD1-45B5-87B4-0AF3E5A52DB3}.Debug|Any CPU.ActiveCfg = Debug|Any CPU
		{3380FE15-1CD1-45B5-87B4-0AF3E5A52DB3}.Debug|Any CPU.Build.0 = Debug|Any CPU
		{3380FE15-1CD1-45B5-87B4-0AF3E5A52DB3}.Release|Any CPU.ActiveCfg = Release|Any CPU
		{3380FE15-1CD1-45B5-87B4-0AF3E5A52DB3}.Release|Any CPU.Build.0 = Release|Any CPU
	EndGlobalSection
	GlobalSection(SolutionProperties) = preSolution
		HideSolutionNode = FALSE
	EndGlobalSection
	GlobalSection(ExtensibilityGlobals) = postSolution
		SolutionGuid = {CA57F209-581B-4E6F-992C-32C366996C1F}
	EndGlobalSection
EndGlobal
