
Microsoft Visual Studio Solution File, Format Version 12.00
# Visual Studio Version 17
VisualStudioVersion = 17.3.32811.315
MinimumVisualStudioVersion = 10.0.40219.1
Project("{9A19103F-16F7-4668-BE54-9A1E7A4F7556}") = "SignalRApi", "SignalRApi\SignalRApi.csproj", "{E368DAB1-8E1C-4171-B4EF-032F6C5256B0}"
EndProject
Project("{FAE04EC0-301F-11D3-BF4B-00C04F79EFBC}") = "SignalRListener", "SignalRListener\SignalRListener.csproj", "{29611C16-F43B-4EBA-915B-7A3649FD211C}"
EndProject
Global
	GlobalSection(SolutionConfigurationPlatforms) = preSolution
		Debug|Any CPU = Debug|Any CPU
		Release|Any CPU = Release|Any CPU
	EndGlobalSection
	GlobalSection(ProjectConfigurationPlatforms) = postSolution
		{E368DAB1-8E1C-4171-B4EF-032F6C5256B0}.Debug|Any CPU.ActiveCfg = Debug|Any CPU
		{E368DAB1-8E1C-4171-B4EF-032F6C5256B0}.Debug|Any CPU.Build.0 = Debug|Any CPU
		{E368DAB1-8E1C-4171-B4EF-032F6C5256B0}.Release|Any CPU.ActiveCfg = Release|Any CPU
		{E368DAB1-8E1C-4171-B4EF-032F6C5256B0}.Release|Any CPU.Build.0 = Release|Any CPU
		{29611C16-F43B-4EBA-915B-7A3649FD211C}.Debug|Any CPU.ActiveCfg = Debug|Any CPU
		{29611C16-F43B-4EBA-915B-7A3649FD211C}.Debug|Any CPU.Build.0 = Debug|Any CPU
		{29611C16-F43B-4EBA-915B-7A3649FD211C}.Release|Any CPU.ActiveCfg = Release|Any CPU
		{29611C16-F43B-4EBA-915B-7A3649FD211C}.Release|Any CPU.Build.0 = Release|Any CPU
	EndGlobalSection
	GlobalSection(SolutionProperties) = preSolution
		HideSolutionNode = FALSE
	EndGlobalSection
	GlobalSection(ExtensibilityGlobals) = postSolution
		SolutionGuid = {CA57F209-581B-4E6F-992C-32C366996C1F}
	EndGlobalSection
EndGlobal
